{
  "version": 1,
  "dependencies": {
    "net8.0": {
      "HotChocolate.AspNetCore": {
        "type": "Direct",
        "requested": "[13.9.9, )",
        "resolved": "13.9.9",
        "contentHash": "5qOf1qcvTlqxQ4+dE0uvnXiAB3Ej+/rlAwXBpHdrd2VbWATKsjqF0paLtd8XVakQdlZXBcoBtL9awWG1i2tR5A==",
        "dependencies": {
          "BananaCakePop.Middleware": "16.0.3",
          "HotChocolate": "13.9.9",
          "HotChocolate.Subscriptions.InMemory": "13.9.9",
          "HotChocolate.Transport.Sockets": "13.9.9",
          "HotChocolate.Types.Scalars.Upload": "13.9.9",
          "HotChocolate.Utilities.DependencyInjection": "13.9.9"
        }
      },
      "HotChocolate.AspNetCore.CommandLine": {
        "type": "Direct",
        "requested": "[13.9.9, )",
        "resolved": "13.9.9",
        "contentHash": "ekEndLXZvqkYHL3fRWDrlVRvqURoVrxIim5+J4LX+5YA2GRH1LVEynAD2g5xop/7Yodj7Q6NmE2uBqLnRtyc9A==",
        "dependencies": {
          "HotChocolate": "13.9.9",
          "System.CommandLine": "2.0.0-beta4.22272.1"
        }
      },
      "BananaCakePop.Middleware": {
        "type": "Transitive",
        "resolved": "16.0.3",
        "contentHash": "gwWk5ykS1uum2/++x3UnGhmjs+4itxce1lW5YnKdb8JeG4QxAMzSWVGh3B1ehiKJNAuvNtbfBwp2BAQvOsq02g==",
        "dependencies": {
          "Yarp.ReverseProxy": "2.1.0"
        }
      },
      "GreenDonut": {
        "type": "Transitive",
        "resolved": "13.9.9",
        "contentHash": "0XfzASYIzR+ZHK1qwOB3EbYa/Md9wEQTqro97x2JzBuXK0HEkl417x3J1jlZlctpXAhOn2JNbA13Ur1LXncjSw==",
        "dependencies": {
          "Microsoft.Extensions.ObjectPool": "8.0.0",
          "System.Diagnostics.DiagnosticSource": "8.0.0",
          "System.Threading.Tasks.Extensions": "4.5.0"
        }
      },
      "HotChocolate": {
        "type": "Transitive",
        "resolved": "13.9.9",
        "contentHash": "31vmpLGVRAAX6bBTwMohOzR+y1JoDWTUVzw3IWM0bIOWqn5RStC70HVd8oYlx6RkrpeRXVtmbqxcCcVTCwfNrA==",
        "dependencies": {
          "HotChocolate.Authorization": "13.9.9",
          "HotChocolate.Execution": "13.9.9",
          "HotChocolate.Fetching": "13.9.9",
          "HotChocolate.Types": "13.9.9",
          "HotChocolate.Types.CursorPagination": "13.9.9",
          "HotChocolate.Types.Mutations": "13.9.9",
          "HotChocolate.Types.OffsetPagination": "13.9.9",
          "HotChocolate.Validation": "13.9.9"
        }
      },
      "HotChocolate.Abstractions": {
        "type": "Transitive",
        "resolved": "13.9.9",
        "contentHash": "pRvrWe6Yj91hG7UPRn3EMeydpmvewCZ+lk2AJC5T8uJPtwbo15Lcwa/r7UeM9sle8LZOIyTYIcB1NWXrCUGbPw==",
        "dependencies": {
          "HotChocolate.Language": "13.9.9",
          "System.Collections.Immutable": "8.0.0"
        }
      },
      "HotChocolate.Authorization": {
        "type": "Transitive",
        "resolved": "13.9.9",
        "contentHash": "9yDHHWbsTSTkxD5wG/xK85ql2XoeGX5pLlq32l9Ws+1szbRVJtYeAavo5w8DX5Yb8n1ahHzZfUaGGzBZmZbY3Q==",
        "dependencies": {
          "HotChocolate.Execution": "13.9.9"
        }
      },
      "HotChocolate.Execution": {
        "type": "Transitive",
        "resolved": "13.9.9",
        "contentHash": "SA27oF3ZOIZ5II1nM11E9uh4DSm7CPnbnF0+oAVJABg+YcIJd5P8tewUCjjLN+JJjaABwF2LsCl96zVq+8sZhA==",
        "dependencies": {
          "HotChocolate.Abstractions": "13.9.9",
          "HotChocolate.Execution.Abstractions": "13.9.9",
          "HotChocolate.Fetching": "13.9.9",
          "HotChocolate.Types": "13.9.9",
          "HotChocolate.Utilities.DependencyInjection": "13.9.9",
          "HotChocolate.Validation": "13.9.9",
          "Microsoft.Extensions.DependencyInjection": "8.0.0",
          "System.Threading.Channels": "8.0.0"
        }
      },
      "HotChocolate.Execution.Abstractions": {
        "type": "Transitive",
        "resolved": "13.9.9",
        "contentHash": "cueoF5XuY6e1thBp7McD6e00jIklKWR1VYp4JzzMrEDJOD9CZuuRKUCuyKDS4nOADc6671ywm7keiWPVtn77CA==",
        "dependencies": {
          "HotChocolate.Abstractions": "13.9.9",
          "Microsoft.Extensions.DependencyInjection.Abstractions": "8.0.0"
        }
      },
      "HotChocolate.Fetching": {
        "type": "Transitive",
        "resolved": "13.9.9",
        "contentHash": "0P7j4V9EgOVTh5sJH/DmaUtsMiLns0eIhdU4KKuz0COr9O2uwNYgVfiP5hkdbPZEEiABFCzJXqC3BmdZY8liFw==",
        "dependencies": {
          "GreenDonut": "13.9.9",
          "HotChocolate.Types": "13.9.9"
        }
      },
      "HotChocolate.Language": {
        "type": "Transitive",
        "resolved": "13.9.9",
        "contentHash": "S9Z7LnSw1lCVI+rggcz9Kecj8oCIe6E+HPuZnX/WOSQoRNf98hV+uRRg5hpU9hcLIPZYDOb8tL/zrRmnDlNnYQ==",
        "dependencies": {
          "HotChocolate.Language.SyntaxTree": "13.9.9",
          "HotChocolate.Language.Utf8": "13.9.9",
          "HotChocolate.Language.Visitors": "13.9.9",
          "HotChocolate.Language.Web": "13.9.9"
        }
      },
      "HotChocolate.Language.SyntaxTree": {
        "type": "Transitive",
        "resolved": "13.9.9",
        "contentHash": "t15jRlfPTrdaNwpqs12F3+ETGtoiN5bORnUHexHc7ED2sieE7IBrWcClof+aCB7sWL6tDJkSET0ZOXpaIOOgEA==",
        "dependencies": {
          "Microsoft.Extensions.ObjectPool": "8.0.0"
        }
      },
      "HotChocolate.Language.Utf8": {
        "type": "Transitive",
        "resolved": "13.9.9",
        "contentHash": "UGamXFkxKRBBfcuo3YObr6g/4RwAfIEMRVJJkFly7o0VnJYuB2/R2nYQpWTxNRSNTnSRbui8mQ+pfML2RmfIQg==",
        "dependencies": {
          "HotChocolate.Language.SyntaxTree": "13.9.9"
        }
      },
      "HotChocolate.Language.Visitors": {
        "type": "Transitive",
        "resolved": "13.9.9",
        "contentHash": "8wddMDixv0lIyGQlhZ64m+WFmPTWFJQCXkoPkIPi61U3Fx3WwxQM6VL41jP589aLvqI2EsTS/rDgPZHd6Z6x5w==",
        "dependencies": {
          "HotChocolate.Language.SyntaxTree": "13.9.9"
        }
      },
      "HotChocolate.Language.Web": {
        "type": "Transitive",
        "resolved": "13.9.9",
        "contentHash": "6wwhS9UjQwpV0D8IhE8+tULwEmbQbhNS3/HX6Yc2bI293G49zTUoxrqjtXFaFG6fYeiiu6YjH5A2nvlb2+KNsg==",
        "dependencies": {
          "HotChocolate.Language.Utf8": "13.9.9"
        }
      },
      "HotChocolate.Subscriptions": {
        "type": "Transitive",
        "resolved": "13.9.9",
        "contentHash": "PHfvxM9zmmYZp9mV3SWhuEFV9S/p/Cq4Eeriyb68OspV0FplJiTPhdF/n4i5sGGV8hQKksNC19krNOsPKIrDNg==",
        "dependencies": {
          "HotChocolate.Abstractions": "13.9.9",
          "HotChocolate.Execution.Abstractions": "13.9.9"
        }
      },
      "HotChocolate.Subscriptions.InMemory": {
        "type": "Transitive",
        "resolved": "13.9.9",
        "contentHash": "YoELQAJ8g1mvFs83z5l0zg9VTT4gGzT2xwdCWXMrhG80sOlGYw6oSGMB6nqYC5yGtVfls24sMh2zQkBh84ykyg==",
        "dependencies": {
          "HotChocolate.Execution.Abstractions": "13.9.9",
          "HotChocolate.Subscriptions": "13.9.9",
          "Microsoft.Extensions.DependencyInjection.Abstractions": "8.0.0"
        }
      },
      "HotChocolate.Transport.Sockets": {
        "type": "Transitive",
        "resolved": "13.9.9",
        "contentHash": "ZPUWjsh8STOQb9AUe8XJWwrRDUcSLMy1P9aMDzjVJoeygb+BdD3Gj3hWVArE9x6wN9jHjybyo6pAS4EKs02cGQ==",
        "dependencies": {
          "System.IO.Pipelines": "8.0.0"
        }
      },
      "HotChocolate.Types": {
        "type": "Transitive",
        "resolved": "13.9.9",
        "contentHash": "2cfpc0wiF1IubxE5dJDjVvQbNnIeklTB7uA7CnKLKNtJ95VOGKOb5+dwDn9RABhLe/YjkqcV+tU72BWsh8I0pA==",
        "dependencies": {
          "HotChocolate.Abstractions": "13.9.9",
          "HotChocolate.Types.Shared": "13.9.9",
          "HotChocolate.Utilities": "13.9.9",
          "Microsoft.Extensions.DependencyInjection.Abstractions": "8.0.0",
          "Microsoft.Extensions.ObjectPool": "8.0.0",
          "System.ComponentModel.Annotations": "5.0.0",
          "System.Text.Json": "8.0.0"
        }
      },
      "HotChocolate.Types.CursorPagination": {
        "type": "Transitive",
        "resolved": "13.9.9",
        "contentHash": "GCEpwek5qnVvifGkpcVPAaRI+JCikyMkunr+TtsNNtKiKiPoiFrKs4utlzKFGPeIJtuhEquiEiy7alc2WSK1fw==",
        "dependencies": {
          "HotChocolate.Execution": "13.9.9",
          "HotChocolate.Types": "13.9.9"
        }
      },
      "HotChocolate.Types.Mutations": {
        "type": "Transitive",
        "resolved": "13.9.9",
        "contentHash": "jPAoISVTQUDlT2UY196OIedhW1q8tZlqMG4MBjbVPUVV59bbO6OJTygIf/vbxOOufkU7Fkma3uq4tw26+giBkg==",
        "dependencies": {
          "HotChocolate.Execution": "13.9.9",
          "HotChocolate.Types": "13.9.9"
        }
      },
      "HotChocolate.Types.OffsetPagination": {
        "type": "Transitive",
        "resolved": "13.9.9",
        "contentHash": "sgVWdkRVETARENhYY6Apckypu6vqJB2XAN7KBXSInDjAYDcqT6oHKdRu327nvYvgv9ILqjusodXEYQ5BHqj4jA==",
        "dependencies": {
          "HotChocolate.Execution": "13.9.9",
          "HotChocolate.Types": "13.9.9"
        }
      },
      "HotChocolate.Types.Scalars.Upload": {
        "type": "Transitive",
        "resolved": "13.9.9",
        "contentHash": "AMx7BeqZ5Otu4eIKoRKaw+yA/c9EDdEw0t4qhw/NEAuPNnZVo4osriEJ+GDssfQvuhlEVLOkDLbbTOUAAFeSPA==",
        "dependencies": {
          "HotChocolate.Types": "13.9.9"
        }
      },
      "HotChocolate.Types.Shared": {
        "type": "Transitive",
        "resolved": "13.9.9",
        "contentHash": "qZ8KNoAAaaAxCCvlvY/2+pY5jr2f+VlTA1F+evdP8sSbHKkCz3MRhRC2n0dD90/9uKdW8+vPY+PkoifAJuNd7Q==",
        "dependencies": {
          "HotChocolate.Language.SyntaxTree": "13.9.9"
        }
      },
      "HotChocolate.Utilities": {
        "type": "Transitive",
        "resolved": "13.9.9",
        "contentHash": "r8nwM3TRy7EkU2o3z0GPqS5uZYEHoHOhMc4drcO3pEFPanTtHSryc/FcQ4UzPXxgtIDC5y5Vk7P2YTk6sgkgcg=="
      },
      "HotChocolate.Utilities.DependencyInjection": {
        "type": "Transitive",
        "resolved": "13.9.9",
        "contentHash": "6JDE96Uzfn2j0lh8kNiksoOZWN72WDi4rUCKzqEaDu23z1gE8P3seM5NrilARqbvm9nV0UacHSHCSO78vpdu7w==",
        "dependencies": {
          "Microsoft.Extensions.DependencyInjection": "8.0.0"
        }
      },
      "HotChocolate.Validation": {
        "type": "Transitive",
        "resolved": "13.9.9",
        "contentHash": "t3LdLxmhRjmfQqZgGbGThjJCCv38rBUHIA9fTKCOvurQ1pc3yAzOh8C5tLm3IQc20ZaBmEV2PjxnzfCHMkza2A==",
        "dependencies": {
          "HotChocolate.Types": "13.9.9",
          "Microsoft.Extensions.DependencyInjection.Abstractions": "8.0.0",
          "Microsoft.Extensions.Options": "8.0.0"
        }
      },
      "Microsoft.Extensions.DependencyInjection": {
        "type": "Transitive",
        "resolved": "8.0.0",
        "contentHash": "V8S3bsm50ig6JSyrbcJJ8bW2b9QLGouz+G1miK3UTaOWmMtFwNNNzUf4AleyDWUmTrWMLNnFSLEQtxmxgNQnNQ==",
        "dependencies": {
          "Microsoft.Extensions.DependencyInjection.Abstractions": "8.0.0"
        }
      },
      "Microsoft.Extensions.DependencyInjection.Abstractions": {
        "type": "Transitive",
        "resolved": "8.0.0",
        "contentHash": "cjWrLkJXK0rs4zofsK4bSdg+jhDLTaxrkXu4gS6Y7MAlCvRyNNgwY/lJi5RDlQOnSZweHqoyvgvbdvQsRIW+hg=="
      },
      "Microsoft.Extensions.ObjectPool": {
        "type": "Transitive",
        "resolved": "8.0.0",
        "contentHash": "4pm+XgxSukskwjzDDfSjG4KNUIOdFF2VaqZZDtTzoyQMOVSnlV6ZM8a9aVu5dg9LVZTB//utzSc8fOi0b0Mb2Q=="
      },
      "Microsoft.Extensions.Options": {
        "type": "Transitive",
        "resolved": "8.0.0",
        "contentHash": "JOVOfqpnqlVLUzINQ2fox8evY2SKLYJ3BV8QDe/Jyp21u1T7r45x/R/5QdteURMR5r01GxeJSBBUOCOyaNXA3g==",
        "dependencies": {
          "Microsoft.Extensions.DependencyInjection.Abstractions": "8.0.0",
          "Microsoft.Extensions.Primitives": "8.0.0"
        }
      },
      "Microsoft.Extensions.Primitives": {
        "type": "Transitive",
        "resolved": "8.0.0",
        "contentHash": "bXJEZrW9ny8vjMF1JV253WeLhpEVzFo1lyaZu1vQ4ZxWUlVvknZ/+ftFgVheLubb4eZPSwwxBeqS1JkCOjxd8g=="
      },
      "System.Collections.Immutable": {
        "type": "Transitive",
        "resolved": "8.0.0",
        "contentHash": "AurL6Y5BA1WotzlEvVaIDpqzpIPvYnnldxru8oXJU2yFxFUy3+pNXjXd1ymO+RA0rq0+590Q8gaz2l3Sr7fmqg=="
      },
      "System.CommandLine": {
        "type": "Transitive",
        "resolved": "2.0.0-beta4.22272.1",
        "contentHash": "1uqED/q2H0kKoLJ4+hI2iPSBSEdTuhfCYADeJrAqERmiGQ2NNacYKRNEQ+gFbU4glgVyK8rxI+ZOe1onEtr/Pg=="
      },
      "System.ComponentModel.Annotations": {
        "type": "Transitive",
        "resolved": "5.0.0",
        "contentHash": "dMkqfy2el8A8/I76n2Hi1oBFEbG1SfxD2l5nhwXV3XjlnOmwxJlQbYpJH4W51odnU9sARCSAgv7S3CyAFMkpYg=="
      },
      "System.Diagnostics.DiagnosticSource": {
        "type": "Transitive",
        "resolved": "8.0.0",
        "contentHash": "c9xLpVz6PL9lp/djOWtk5KPDZq3cSYpmXoJQY524EOtuFl5z9ZtsotpsyrDW40U1DRnQSYvcPKEUV0X//u6gkQ=="
      },
      "System.IO.Hashing": {
        "type": "Transitive",
        "resolved": "7.0.0",
        "contentHash": "sDnWM0N3AMCa86LrKTWeF3BZLD2sgWyYUc7HL6z4+xyDZNQRwzmxbo4qP2rX2MqC+Sy1/gOSRDah5ltxY5jPxw=="
      },
      "System.IO.Pipelines": {
        "type": "Transitive",
        "resolved": "8.0.0",
        "contentHash": "FHNOatmUq0sqJOkTx+UF/9YK1f180cnW5FVqnQMvYUN0elp6wFzbtPSiqbo1/ru8ICp43JM1i7kKkk6GsNGHlA=="
      },
      "System.Text.Encodings.Web": {
        "type": "Transitive",
        "resolved": "8.0.0",
        "contentHash": "yev/k9GHAEGx2Rg3/tU6MQh4HGBXJs70y7j1LaM1i/ER9po+6nnQ6RRqTJn1E7Xu0fbIFK80Nh5EoODxrbxwBQ=="
      },
      "System.Text.Json": {
        "type": "Transitive",
        "resolved": "8.0.0",
        "contentHash": "OdrZO2WjkiEG6ajEFRABTRCi/wuXQPxeV6g8xvUJqdxMvvuCCEk86zPla8UiIQJz3durtUEbNyY/3lIhS0yZvQ==",
        "dependencies": {
          "System.Text.Encodings.Web": "8.0.0"
        }
      },
      "System.Threading.Channels": {
        "type": "Transitive",
        "resolved": "8.0.0",
        "contentHash": "CMaFr7v+57RW7uZfZkPExsPB6ljwzhjACWW1gfU35Y56rk72B/Wu+sTqxVmGSk4SFUlPc3cjeKND0zktziyjBA=="
      },
      "System.Threading.Tasks.Extensions": {
        "type": "Transitive",
        "resolved": "4.5.0",
        "contentHash": "csAJe24tWCOTO/rXoJAuBGuOq7ZdHY60XtC6b/hNMHT9tuX+2J9HK7nciLEtNvnrRLMxBACLXO3R4y5+kCduMA=="
      },
      "Yarp.ReverseProxy": {
        "type": "Transitive",
        "resolved": "2.1.0",
        "contentHash": "VgRuCBxmh5ND4VuFhvIN3AAeoxFhYkS2hNINk6AVCrOVTlpk7OwdrTXi8NHACfqfhDL+/oYCZrF9RxN+yiYnEg==",
        "dependencies": {
          "System.IO.Hashing": "7.0.0"
        }
      }
    }
  }
}