{
  "version": 1,
  "dependencies": {
    "net8.0": {
      "HotChocolate.AspNetCore": {
        "type": "Direct",
        "requested": "[13.7.0, )",
        "resolved": "13.7.0",
        "contentHash": "omEK1nxwKeTSo81rx49fhhL2Cjmp+sEOYegYACmUju4DEmLwm10sA2T8Zo3SoNt0imYTysgibEgxLwjjQ214DA==",
        "dependencies": {
          "BananaCakePop.Middleware": "7.0.4",
          "HotChocolate": "13.7.0",
          "HotChocolate.Subscriptions.InMemory": "13.7.0",
          "HotChocolate.Transport.Sockets": "13.7.0",
          "HotChocolate.Types.Scalars.Upload": "13.7.0"
        }
      },
      "BananaCakePop.Middleware": {
        "type": "Transitive",
        "resolved": "7.0.4",
        "contentHash": "MjXgiZ2WTmijyojmuiDMoqa2rokg0yNROwpe6yQibFre6D3CPdmCiIt48YE9+8ZBwgss5BK49iluktHFuf0XfQ==",
        "dependencies": {
          "Yarp.ReverseProxy": "2.0.1"
        }
      },
      "GreenDonut": {
        "type": "Transitive",
        "resolved": "13.7.0",
        "contentHash": "BjZ2KbrQT36hEYW4Hj9lzA/nH514jgFD1e1zDprxBOfQMGbD2mMlGaU4sBJf4GEYdKYRUdxUHSACK7yDUDTYVA==",
        "dependencies": {
          "Microsoft.Extensions.ObjectPool": "8.0.0-rc.2.23480.2",
          "System.Diagnostics.DiagnosticSource": "8.0.0-rc.2.23479.6",
          "System.Threading.Tasks.Extensions": "4.5.0"
        }
      },
      "HotChocolate": {
        "type": "Transitive",
        "resolved": "13.7.0",
        "contentHash": "x8BIqnynoXLoHT9WeXmNSbfD6G+xv6ABMj6MkrDBInHBZ7B35rajCAcGdYOGJvi3ON+zSNgRMqiSkJzQocsW6g==",
        "dependencies": {
          "HotChocolate.Authorization": "13.7.0",
          "HotChocolate.Execution": "13.7.0",
          "HotChocolate.Fetching": "13.7.0",
          "HotChocolate.Types": "13.7.0",
          "HotChocolate.Types.CursorPagination": "13.7.0",
          "HotChocolate.Types.Mutations": "13.7.0",
          "HotChocolate.Types.OffsetPagination": "13.7.0",
          "HotChocolate.Validation": "13.7.0"
        }
      },
      "HotChocolate.Abstractions": {
        "type": "Transitive",
        "resolved": "13.7.0",
        "contentHash": "D7ITncily71twwVwH68vOW7epqVvduZGDcqg0J9Cuct4QxFAkxc/YcVh0c8WxM1i4O915xJuJBpEQxLr+q1AlA==",
        "dependencies": {
          "HotChocolate.Language": "13.7.0",
          "System.Collections.Immutable": "8.0.0-rc.2.23479.6"
        }
      },
      "HotChocolate.Authorization": {
        "type": "Transitive",
        "resolved": "13.7.0",
        "contentHash": "bIvUiYKOpUOuaFtf1OyZd8MgvHEMSwHzhqZyGqURWRCHdXVch1cS73laSm2i1RB0cKJ7dMOlG6+LvvvtmF7mbw==",
        "dependencies": {
          "HotChocolate.Execution": "13.7.0"
        }
      },
      "HotChocolate.Execution": {
        "type": "Transitive",
        "resolved": "13.7.0",
        "contentHash": "TbIimwWmlK3CtOJi3GpRS46x9K3D0NYawEdHV287wSNDxrceoxRuZNWBGx7017ExpfcV5gcJlLdaQP5Ao/gzug==",
        "dependencies": {
          "HotChocolate.Abstractions": "13.7.0",
          "HotChocolate.Execution.Abstractions": "13.7.0",
          "HotChocolate.Fetching": "13.7.0",
          "HotChocolate.Types": "13.7.0",
          "HotChocolate.Validation": "13.7.0",
          "Microsoft.Extensions.DependencyInjection": "8.0.0-rc.2.23479.6",
          "System.Threading.Channels": "8.0.0-rc.2.23479.6"
        }
      },
      "HotChocolate.Execution.Abstractions": {
        "type": "Transitive",
        "resolved": "13.7.0",
        "contentHash": "7gzjF4xqCa0BYIzJ/nDTlnhdjYOJdydhYi7X5Be4PV41iy3V3rG74Pus+LcvOEi+5INFtxAhbXkDQR7n/rQwpQ==",
        "dependencies": {
          "HotChocolate.Abstractions": "13.7.0",
          "Microsoft.Extensions.DependencyInjection.Abstractions": "8.0.0-rc.2.23479.6"
        }
      },
      "HotChocolate.Fetching": {
        "type": "Transitive",
        "resolved": "13.7.0",
        "contentHash": "llRUlvdHTgJnSn3c3wpWEHMXIq0SVnf3m4q9JPwqS50fIRTVr7NMTgU0mbrnVcumccNo87dBBH8bZdj92uYZRQ==",
        "dependencies": {
          "GreenDonut": "13.7.0",
          "HotChocolate.Types": "13.7.0"
        }
      },
      "HotChocolate.Language": {
        "type": "Transitive",
        "resolved": "13.7.0",
        "contentHash": "/11gk8iCVUWsLaZAM0DB5SYzn8kJKI+trnzd/XEcY2Mj1HbAw8h9QMuLLx978zVA3KGn85hFdLFvPHSgSVilxA==",
        "dependencies": {
          "HotChocolate.Language.SyntaxTree": "13.7.0",
          "HotChocolate.Language.Utf8": "13.7.0",
          "HotChocolate.Language.Visitors": "13.7.0",
          "HotChocolate.Language.Web": "13.7.0"
        }
      },
      "HotChocolate.Language.SyntaxTree": {
        "type": "Transitive",
        "resolved": "13.7.0",
        "contentHash": "oU1hquKD90p3NxEXgQ2kd4F92ceGVO1uFVfuQ9YV8oQ3lCa6xm8UTVSHJX0nnKAmv59deolaMdfXAV16sKMWOg==",
        "dependencies": {
          "Microsoft.Extensions.ObjectPool": "8.0.0-rc.2.23480.2"
        }
      },
      "HotChocolate.Language.Utf8": {
        "type": "Transitive",
        "resolved": "13.7.0",
        "contentHash": "NVX/h8oknpCSPnncGQfWi23tASto8hlczFhZwcYQxRRTcD1FDx6pJhCuUkGqajg1bAAtiOVhYPtdF7nqbOvN7w==",
        "dependencies": {
          "HotChocolate.Language.SyntaxTree": "13.7.0"
        }
      },
      "HotChocolate.Language.Visitors": {
        "type": "Transitive",
        "resolved": "13.7.0",
        "contentHash": "pnk408/UF7VGI9rsQ5oe05bfRWOlxYXMa2gc99VwZVDpG+3ZMVI+EhLulTz3CLs+861cR/1d/7Bgm9BcYUURoA==",
        "dependencies": {
          "HotChocolate.Language.SyntaxTree": "13.7.0"
        }
      },
      "HotChocolate.Language.Web": {
        "type": "Transitive",
        "resolved": "13.7.0",
        "contentHash": "KI6TB3+hY2eS6G2NcTjKrzWG1dxbFBcImxnKrEeRot7zzBcHm0ZU6WfHqiUABo4kvnnPItaqoJiQjbt1ePW1ZA==",
        "dependencies": {
          "HotChocolate.Language.Utf8": "13.7.0"
        }
      },
      "HotChocolate.Subscriptions": {
        "type": "Transitive",
        "resolved": "13.7.0",
        "contentHash": "u8kR/au74TtsxOHAEcfpP9NDvWMSCRpCTNsAYoMcX9AnKw5126fJttbVtZzdnbYKI1Ceq214o77yV5KrJDroQw==",
        "dependencies": {
          "HotChocolate.Abstractions": "13.7.0",
          "HotChocolate.Execution.Abstractions": "13.7.0"
        }
      },
      "HotChocolate.Subscriptions.InMemory": {
        "type": "Transitive",
        "resolved": "13.7.0",
        "contentHash": "kKmJertu6LleVVyjFb/+df0mgswHJ885nDKGbd9cEwHT9h8CbHSF05/qAJFo6xm2rUM8fMsBPFME/DOTDIaTgg==",
        "dependencies": {
          "HotChocolate.Execution.Abstractions": "13.7.0",
          "HotChocolate.Subscriptions": "13.7.0",
          "Microsoft.Extensions.DependencyInjection.Abstractions": "8.0.0-rc.2.23479.6"
        }
      },
      "HotChocolate.Transport.Sockets": {
        "type": "Transitive",
        "resolved": "13.7.0",
        "contentHash": "DoRW/Htb6G/SHbWuPiq+mDqL5TdEsTbmuOQ19B9x1Z5X7iDW64N5hNTfR6YbT17J5OgQvb7XrPQLhVl6DALagQ==",
        "dependencies": {
          "System.IO.Pipelines": "8.0.0-rc.2.23479.6"
        }
      },
      "HotChocolate.Types": {
        "type": "Transitive",
        "resolved": "13.7.0",
        "contentHash": "kVWrhbkFvZWSZ7X3PY5MoL3bTmv2erRFI7kuvoo1nVGtYUeC05b+5MCh0RHzL7IFnIxf67RrDRFWWxL6bbZ7ug==",
        "dependencies": {
          "HotChocolate.Abstractions": "13.7.0",
          "HotChocolate.Types.Shared": "13.7.0",
          "HotChocolate.Utilities": "13.7.0",
          "Microsoft.Extensions.DependencyInjection.Abstractions": "8.0.0-rc.2.23479.6",
          "Microsoft.Extensions.ObjectPool": "8.0.0-rc.2.23480.2",
          "System.ComponentModel.Annotations": "5.0.0",
          "System.Text.Json": "8.0.0-rc.2.23479.6"
        }
      },
      "HotChocolate.Types.CursorPagination": {
        "type": "Transitive",
        "resolved": "13.7.0",
        "contentHash": "86YCkEUFBuq5ZEIdmAolW2/YLhVKyWjzg6hUZEBMMD3yE85xpgIdPd0wsyxwnF9hREyl8f/LMWO7epALBjnjow==",
        "dependencies": {
          "HotChocolate.Execution": "13.7.0",
          "HotChocolate.Types": "13.7.0"
        }
      },
      "HotChocolate.Types.Mutations": {
        "type": "Transitive",
        "resolved": "13.7.0",
        "contentHash": "lAZWOeAXNB0A2QsJRhhtuOsyrofEqKxvS5b3qgYR+LqwL9G8EHyJA3gN9GjqoRMz8c+DtSCHyAVxXydhvRx2gw==",
        "dependencies": {
          "HotChocolate.Execution": "13.7.0",
          "HotChocolate.Types": "13.7.0"
        }
      },
      "HotChocolate.Types.OffsetPagination": {
        "type": "Transitive",
        "resolved": "13.7.0",
        "contentHash": "Z+lXxKMf3ksdP6z2MkgZttMQ2V2AtCcdz+S2STOdJiahj1OZ7bx12Cq5l6GK3KVIT40NgYOkXqnU/fVWxB0b8g==",
        "dependencies": {
          "HotChocolate.Execution": "13.7.0",
          "HotChocolate.Types": "13.7.0"
        }
      },
      "HotChocolate.Types.Scalars.Upload": {
        "type": "Transitive",
        "resolved": "13.7.0",
        "contentHash": "4C/cs0SFhv+jeN7itzy4W5rKj5p2aPfUVr3N71PW5WtgYE5Ntc31Umz+dqjcFRPTVhhWecuCYAMGFPAED1H9BQ==",
        "dependencies": {
          "HotChocolate.Types": "13.7.0"
        }
      },
      "HotChocolate.Types.Shared": {
        "type": "Transitive",
        "resolved": "13.7.0",
        "contentHash": "No0VSatuyjiie0SXzLHER0Pc5bs7lq6MO0Sq0FUSw6MpV5ElX0kaR1TrrZCYZJa5ok9NRev6y52DzT+2Y+msvA==",
        "dependencies": {
          "HotChocolate.Language.SyntaxTree": "13.7.0"
        }
      },
      "HotChocolate.Utilities": {
        "type": "Transitive",
        "resolved": "13.7.0",
        "contentHash": "Jhg/lrJrrrY2GHCavfjKKwdR0GI5bhKN9v9SWn9SYCoL21UfWtc0C6Qr4o3I/MCfQnktPiCH6WkPVS9VgipbRA=="
      },
      "HotChocolate.Validation": {
        "type": "Transitive",
        "resolved": "13.7.0",
        "contentHash": "/y6kX7cBkRbI9UgeWHgs/Kt8phJql1IrZjwSwdU6s8QOidFbanhsBU4euqVnM+hSeCbArzzKdrKt98DoPyfldA==",
        "dependencies": {
          "HotChocolate.Types": "13.7.0",
          "Microsoft.Extensions.DependencyInjection.Abstractions": "8.0.0-rc.2.23479.6",
          "Microsoft.Extensions.Options": "8.0.0-rc.2.23479.6"
        }
      },
      "Microsoft.Extensions.DependencyInjection": {
        "type": "Transitive",
        "resolved": "8.0.0-rc.2.23479.6",
        "contentHash": "pUD/Gjd0MTrWPD4/SnKazYQvky2EHEtPyGb3FWZkEPWAfYPFVVw5fMRTkfoBPivpWLuxEw4FNK7GX77xEErUQQ==",
        "dependencies": {
          "Microsoft.Extensions.DependencyInjection.Abstractions": "8.0.0-rc.2.23479.6"
        }
      },
      "Microsoft.Extensions.DependencyInjection.Abstractions": {
        "type": "Transitive",
        "resolved": "8.0.0-rc.2.23479.6",
        "contentHash": "QLTBDvE/E05Xl2UVFXOBFIW0VLn/mMJ8DSbTyK6ODsO3sqDs0fyPqydACTnX/nbGZRrTMeud3XDbUrt24ab1EA=="
      },
      "Microsoft.Extensions.ObjectPool": {
        "type": "Transitive",
        "resolved": "8.0.0-rc.2.23480.2",
        "contentHash": "iL9VcNK4dbMOLqAHInwcmVxzr+5sXp70m5Tt1uyIkc5SfJUTuFN6VaxrZy3k91oquTtYrkK9DbE5IP18iJUrtw=="
      },
      "Microsoft.Extensions.Options": {
        "type": "Transitive",
        "resolved": "8.0.0-rc.2.23479.6",
        "contentHash": "f2uTnKEleplKK+pVKEg1rOCmM3+cuLpafTpKJzbj9lm8dmj0+dWxb0L6MAt9r1s3OYlIKY5IdkW0TUFKXvRCMg==",
        "dependencies": {
          "Microsoft.Extensions.DependencyInjection.Abstractions": "8.0.0-rc.2.23479.6",
          "Microsoft.Extensions.Primitives": "8.0.0-rc.2.23479.6"
        }
      },
      "Microsoft.Extensions.Primitives": {
        "type": "Transitive",
        "resolved": "8.0.0-rc.2.23479.6",
        "contentHash": "I3fTiDmV+2cCR3VjH+oz49AMgrAqX1cmNiWXmEAituAI7jCLA16uXzvYQTwxhQzov5BTdPVXKGNTxsMb1GpcLQ=="
      },
      "System.Collections.Immutable": {
        "type": "Transitive",
        "resolved": "8.0.0-rc.2.23479.6",
        "contentHash": "+iYjFMCIQMT7FCkZgiYY4Xk9fYCmmiPtCLNn3qqMTJ7Jeqa6SfYdFKsAk4XHTPK81Ov0LsFbKKSMDGFggTc+ZA=="
      },
      "System.ComponentModel.Annotations": {
        "type": "Transitive",
        "resolved": "5.0.0",
        "contentHash": "dMkqfy2el8A8/I76n2Hi1oBFEbG1SfxD2l5nhwXV3XjlnOmwxJlQbYpJH4W51odnU9sARCSAgv7S3CyAFMkpYg=="
      },
      "System.Diagnostics.DiagnosticSource": {
        "type": "Transitive",
        "resolved": "8.0.0-rc.2.23479.6",
        "contentHash": "D1Fi5wRyRVwriEdlSniYlo2kW8SCGaSCM/alsY8R7eXcW+xCPRB7gohE45X00EiNkhdUrJ3yNfltV8lLK0HoWQ=="
      },
      "System.IO.Hashing": {
        "type": "Transitive",
        "resolved": "7.0.0",
        "contentHash": "sDnWM0N3AMCa86LrKTWeF3BZLD2sgWyYUc7HL6z4+xyDZNQRwzmxbo4qP2rX2MqC+Sy1/gOSRDah5ltxY5jPxw=="
      },
      "System.IO.Pipelines": {
        "type": "Transitive",
        "resolved": "8.0.0-rc.2.23479.6",
        "contentHash": "4bqn2Kj0keumJ0x3wdZtO1Ex/5Ppu01fP7Rtmn1uJBR08WWRKeKSX6U9a/BiEieE9JjhzapvhjPtFypE7ZIAyQ=="
      },
      "System.Text.Encodings.Web": {
        "type": "Transitive",
        "resolved": "8.0.0-rc.2.23479.6",
        "contentHash": "n66ZIJjetmrMq9hJ61Xed2cp9O2zr/VdzhhURjkLDEFOZ38/VpOWnvM3CWCXA18NbM7x0tdKZYex9rj0NimpPA=="
      },
      "System.Text.Json": {
        "type": "Transitive",
        "resolved": "8.0.0-rc.2.23479.6",
        "contentHash": "SXMjrmm/e0Om+731AEUgm+81dC+i9mV54nKJGOq9+zTYpzujMCmSQSMS1sgQb0gmiiAfTfRC5WgD3l92cfAP+g==",
        "dependencies": {
          "System.Text.Encodings.Web": "8.0.0-rc.2.23479.6"
        }
      },
      "System.Threading.Channels": {
        "type": "Transitive",
        "resolved": "8.0.0-rc.2.23479.6",
        "contentHash": "z8/q0WPKxQsxuzywRbY1oCb2ZO4qgRbE0nYwXjwrIJ7y10796vJl9P2++MF4JcBcKXfNLgw0JSQslMTxXB+C/A=="
      },
      "System.Threading.Tasks.Extensions": {
        "type": "Transitive",
        "resolved": "4.5.0",
        "contentHash": "csAJe24tWCOTO/rXoJAuBGuOq7ZdHY60XtC6b/hNMHT9tuX+2J9HK7nciLEtNvnrRLMxBACLXO3R4y5+kCduMA=="
      },
      "Yarp.ReverseProxy": {
        "type": "Transitive",
        "resolved": "2.0.1",
        "contentHash": "op7vBwONPFeR1PYxeLw+RLqSodODDX8RWd0OinLGMVIq6yi1q9mv1j56ImuyZgiAToksiC0Dc7jbRUZ9I+jvFA==",
        "dependencies": {
          "System.IO.Hashing": "7.0.0"
        }
      }
    }
  }
}