{
  "version": 1,
  "dependencies": {
    "net8.0": {
      "HotChocolate.AspNetCore": {
        "type": "Direct",
        "requested": "[13.9.4, )",
        "resolved": "13.9.4",
        "contentHash": "kW32o45UlqThLmS8rsukZjKUX2g3zNM8LhQmcS2AnFdCcCg4zWFhlR1UW1BEBv6QLsldaxJVEw5kuvwuLXSIGw==",
        "dependencies": {
          "BananaCakePop.Middleware": "16.0.1",
          "HotChocolate": "13.9.4",
          "HotChocolate.Subscriptions.InMemory": "13.9.4",
          "HotChocolate.Transport.Sockets": "13.9.4",
          "HotChocolate.Types.Scalars.Upload": "13.9.4",
          "HotChocolate.Utilities.DependencyInjection": "13.9.4"
        }
      },
      "HotChocolate.AspNetCore.CommandLine": {
        "type": "Direct",
        "requested": "[13.9.4, )",
        "resolved": "13.9.4",
        "contentHash": "8yNjZNC7mgYFu2BCp7cctFBf02v6NHD9GZXy1++5hlsSCTU6BBLSOyBIkH11BpOLnOGqT/HQgN/L4IMatIjYUA==",
        "dependencies": {
          "HotChocolate": "13.9.4",
          "System.CommandLine": "2.0.0-beta4.22272.1"
        }
      },
      "BananaCakePop.Middleware": {
        "type": "Transitive",
        "resolved": "16.0.1",
        "contentHash": "i/LDG7Lw2ln1WM7GaMyNDWHExtN15/O/xgcX8lhBK6FZFPBnlq6FJW4GuS3vs0UpLB1TvX2tcOenMlXjcMZq0g==",
        "dependencies": {
          "Yarp.ReverseProxy": "2.1.0"
        }
      },
      "GreenDonut": {
        "type": "Transitive",
        "resolved": "13.9.4",
        "contentHash": "jkD4OWSR2CmdfyrO55/m/s2onSaAar/XpCMYQGo1y+qjcaEq93cgc8HL/i8hRdV4mVgfpW60DELREYZrBaiZSw==",
        "dependencies": {
          "Microsoft.Extensions.ObjectPool": "8.0.0",
          "System.Diagnostics.DiagnosticSource": "8.0.0",
          "System.Threading.Tasks.Extensions": "4.5.0"
        }
      },
      "HotChocolate": {
        "type": "Transitive",
        "resolved": "13.9.4",
        "contentHash": "4tXT2Y6U3p1h1egdS3K2qu2re0QmxJH+2thYhKfDDXZaErfod6H1NVHZIBOTw4nFdgzpL8FiFUQuvzekEsNYmA==",
        "dependencies": {
          "HotChocolate.Authorization": "13.9.4",
          "HotChocolate.Execution": "13.9.4",
          "HotChocolate.Fetching": "13.9.4",
          "HotChocolate.Types": "13.9.4",
          "HotChocolate.Types.CursorPagination": "13.9.4",
          "HotChocolate.Types.Mutations": "13.9.4",
          "HotChocolate.Types.OffsetPagination": "13.9.4",
          "HotChocolate.Validation": "13.9.4"
        }
      },
      "HotChocolate.Abstractions": {
        "type": "Transitive",
        "resolved": "13.9.4",
        "contentHash": "82LweGM6vtF4Wc8NmbnNwZE8PeDOWHuY9oIR8zdi/O9XayaAFy2B5bIE5QFszlqTlaiRLW9y8NpCXQkAe0mVHQ==",
        "dependencies": {
          "HotChocolate.Language": "13.9.4",
          "System.Collections.Immutable": "8.0.0"
        }
      },
      "HotChocolate.Authorization": {
        "type": "Transitive",
        "resolved": "13.9.4",
        "contentHash": "sU8nUTOHYwEAaZCnneMCzJs/rG+OtBme1cy+DaT3qxq9Oe6kD/kF1q1jRJjSa1juG/anOcmlu9haZZT0hotZ+g==",
        "dependencies": {
          "HotChocolate.Execution": "13.9.4"
        }
      },
      "HotChocolate.Execution": {
        "type": "Transitive",
        "resolved": "13.9.4",
        "contentHash": "0CsRwTnG3T6nCpgXK/LI2/yn1vvHPIVDZ/NiRz01JCb4tBzsh6v1yGgT8siRhPaoBHlfryUiTbc/Rv1pp9drvw==",
        "dependencies": {
          "HotChocolate.Abstractions": "13.9.4",
          "HotChocolate.Execution.Abstractions": "13.9.4",
          "HotChocolate.Fetching": "13.9.4",
          "HotChocolate.Types": "13.9.4",
          "HotChocolate.Utilities.DependencyInjection": "13.9.4",
          "HotChocolate.Validation": "13.9.4",
          "Microsoft.Extensions.DependencyInjection": "8.0.0",
          "System.Threading.Channels": "8.0.0"
        }
      },
      "HotChocolate.Execution.Abstractions": {
        "type": "Transitive",
        "resolved": "13.9.4",
        "contentHash": "hEIfNnbcsUtjXQSn37IL6LbN+iKUNcBt+4+hdb5EY2NUEmvZDwawsuNXzX/9UeE138xB/zdTkJu6p10cP6oHGQ==",
        "dependencies": {
          "HotChocolate.Abstractions": "13.9.4",
          "Microsoft.Extensions.DependencyInjection.Abstractions": "8.0.0"
        }
      },
      "HotChocolate.Fetching": {
        "type": "Transitive",
        "resolved": "13.9.4",
        "contentHash": "3eh6WCocFbJ1Dtcg1oHmpNKcytwI/ZANQUv3mpsRtTT13wE7yXbzPXrZlBcWPFYv0NeJQ2v0kk4wAmRdYxyaYg==",
        "dependencies": {
          "GreenDonut": "13.9.4",
          "HotChocolate.Types": "13.9.4"
        }
      },
      "HotChocolate.Language": {
        "type": "Transitive",
        "resolved": "13.9.4",
        "contentHash": "ez1eHzpSz7+Fn+aqG62h6kKaOfktmMwUjaT9M5NWS5LqC81n/8HG4lr8UmbGywbEU9optCWo5GfICNpQItAHaw==",
        "dependencies": {
          "HotChocolate.Language.SyntaxTree": "13.9.4",
          "HotChocolate.Language.Utf8": "13.9.4",
          "HotChocolate.Language.Visitors": "13.9.4",
          "HotChocolate.Language.Web": "13.9.4"
        }
      },
      "HotChocolate.Language.SyntaxTree": {
        "type": "Transitive",
        "resolved": "13.9.4",
        "contentHash": "mPfX23AflbB8nhvC3hAYn93r940UHwRmhZ5jXQ3yTHZOYZhlgJypa+4I5KF/CnTFrB36tWmA3LgXnN3pJ/VMvA==",
        "dependencies": {
          "Microsoft.Extensions.ObjectPool": "8.0.0"
        }
      },
      "HotChocolate.Language.Utf8": {
        "type": "Transitive",
        "resolved": "13.9.4",
        "contentHash": "+4GYr3eFPY3b2OZjByHKyOKlpY+bUGnwk0S39RW3z4KRRgv5NkYjPdI+O2iaVbIWBoJXBnb7QlEQWIj64FbbqA==",
        "dependencies": {
          "HotChocolate.Language.SyntaxTree": "13.9.4"
        }
      },
      "HotChocolate.Language.Visitors": {
        "type": "Transitive",
        "resolved": "13.9.4",
        "contentHash": "yJjnKtNw1gnze50n0vrsod+dS1AK8iGIgEbm9aKvIyLIaSVSQnvx5sXhX21JzKEJV7SegnvVbQdf1zhjOwTlEQ==",
        "dependencies": {
          "HotChocolate.Language.SyntaxTree": "13.9.4"
        }
      },
      "HotChocolate.Language.Web": {
        "type": "Transitive",
        "resolved": "13.9.4",
        "contentHash": "aa4ybXm9DdTpjcLvT6FfTPBYTz5xvYsg96J8OaVS0LSKeACHNrBRoF5qP5/cD01UXwSgdr19HqAki1H5D6gRtw==",
        "dependencies": {
          "HotChocolate.Language.Utf8": "13.9.4"
        }
      },
      "HotChocolate.Subscriptions": {
        "type": "Transitive",
        "resolved": "13.9.4",
        "contentHash": "DRU8lN9sMhqVBAa4p/W47pvclrS+SBSzO9sWYbwDiO6OE/B3SlYSDE+Tqy66YAfcNHqFnx/Cx+rd7Kcc06nllw==",
        "dependencies": {
          "HotChocolate.Abstractions": "13.9.4",
          "HotChocolate.Execution.Abstractions": "13.9.4"
        }
      },
      "HotChocolate.Subscriptions.InMemory": {
        "type": "Transitive",
        "resolved": "13.9.4",
        "contentHash": "EUOHzVtVbMWQOPjCWGGmYXvIUM4K5rAYbGk6yO+76T+nVefZw/NgVb1lOx9Ii3Eo+cVBwEliPaJte7vm+HSRlA==",
        "dependencies": {
          "HotChocolate.Execution.Abstractions": "13.9.4",
          "HotChocolate.Subscriptions": "13.9.4",
          "Microsoft.Extensions.DependencyInjection.Abstractions": "8.0.0"
        }
      },
      "HotChocolate.Transport.Sockets": {
        "type": "Transitive",
        "resolved": "13.9.4",
        "contentHash": "tzLIUlpoadoAwDyPNRjtvtx0soe+fLMO//7IE/d49QFj5J/FM6pTzTuvAo7JafsmC+UU5uRGykTKXup9xdtLeA==",
        "dependencies": {
          "System.IO.Pipelines": "8.0.0"
        }
      },
      "HotChocolate.Types": {
        "type": "Transitive",
        "resolved": "13.9.4",
        "contentHash": "Q7XywadsAIm1hf1v+YBMOe1fbjQYAtL+NNlPk7hgumUYVz5iSY/9WYwomMZl80id0Q1aP63hzOoEDY90Em6TrQ==",
        "dependencies": {
          "HotChocolate.Abstractions": "13.9.4",
          "HotChocolate.Types.Shared": "13.9.4",
          "HotChocolate.Utilities": "13.9.4",
          "Microsoft.Extensions.DependencyInjection.Abstractions": "8.0.0",
          "Microsoft.Extensions.ObjectPool": "8.0.0",
          "System.ComponentModel.Annotations": "5.0.0",
          "System.Text.Json": "8.0.0"
        }
      },
      "HotChocolate.Types.CursorPagination": {
        "type": "Transitive",
        "resolved": "13.9.4",
        "contentHash": "sm7ZghRSWQQrde5aa7VZhi/QhSbuzB7yS4jUd5/CB9AOX3WFKjJ3uitY7crWV9scLxcDgaaiAwglF7wWFvubhw==",
        "dependencies": {
          "HotChocolate.Execution": "13.9.4",
          "HotChocolate.Types": "13.9.4"
        }
      },
      "HotChocolate.Types.Mutations": {
        "type": "Transitive",
        "resolved": "13.9.4",
        "contentHash": "pndQvOY8CnoefzKQNCNaJ++r1gf4JbvKC3c3lf6jimqEE/UJMlE935JXwZCGxnUSJ6Npb14sVoOWGM6Kl5myEA==",
        "dependencies": {
          "HotChocolate.Execution": "13.9.4",
          "HotChocolate.Types": "13.9.4"
        }
      },
      "HotChocolate.Types.OffsetPagination": {
        "type": "Transitive",
        "resolved": "13.9.4",
        "contentHash": "J4o/p/HRFNQCsApy1LFlwITVHtGaUlLLhismyi5QRL7CTwC5Lk1or5KlPYufyYgbs9X3BkASlmpr9vGmg+6Ypg==",
        "dependencies": {
          "HotChocolate.Execution": "13.9.4",
          "HotChocolate.Types": "13.9.4"
        }
      },
      "HotChocolate.Types.Scalars.Upload": {
        "type": "Transitive",
        "resolved": "13.9.4",
        "contentHash": "AAZLF9M6h80uh3BZjhaAbS3kch0+bDmetdki7bdo5HYiYRN2tuTT1+YblhfBzoh7726mROOtYRvk7h4DQBLWHw==",
        "dependencies": {
          "HotChocolate.Types": "13.9.4"
        }
      },
      "HotChocolate.Types.Shared": {
        "type": "Transitive",
        "resolved": "13.9.4",
        "contentHash": "GqaSuucguc1OBH6sg52C1RobCvry8Fzm69r2QSzTHzSJVLBXAC0HNthkVl3GpuWW3c221fM+Yh9UiFfKNaeJ3w==",
        "dependencies": {
          "HotChocolate.Language.SyntaxTree": "13.9.4"
        }
      },
      "HotChocolate.Utilities": {
        "type": "Transitive",
        "resolved": "13.9.4",
        "contentHash": "g0kRiYho/nxA/QRkBY9n9ZjDqPEby3A33coBvFvkkfXXYRLyFr1P6XE3ZRt3ob35AxbvnWmXYxM3aUZR5u1mfg=="
      },
      "HotChocolate.Utilities.DependencyInjection": {
        "type": "Transitive",
        "resolved": "13.9.4",
        "contentHash": "a4SeiruZOBatY4QOksJ8Zlux0vN6s1KW1ydjWPUCcdgANDkDae/+zsbPLNNxiDhkpYovDVQW7gRYkgWoZ8vGKg==",
        "dependencies": {
          "Microsoft.Extensions.DependencyInjection": "8.0.0"
        }
      },
      "HotChocolate.Validation": {
        "type": "Transitive",
        "resolved": "13.9.4",
        "contentHash": "G0xU8wTZegjCBeiFdlHAQ8+27e1LVDwucjwmULZq1NdbH8EQJQnvjYOvM4XYaIhdqNi8Kn9AvUT2FM5LcBFhiQ==",
        "dependencies": {
          "HotChocolate.Types": "13.9.4",
          "Microsoft.Extensions.DependencyInjection.Abstractions": "8.0.0",
          "Microsoft.Extensions.Options": "8.0.0"
        }
      },
      "Microsoft.Extensions.DependencyInjection": {
        "type": "Transitive",
        "resolved": "8.0.0",
        "contentHash": "V8S3bsm50ig6JSyrbcJJ8bW2b9QLGouz+G1miK3UTaOWmMtFwNNNzUf4AleyDWUmTrWMLNnFSLEQtxmxgNQnNQ==",
        "dependencies": {
          "Microsoft.Extensions.DependencyInjection.Abstractions": "8.0.0"
        }
      },
      "Microsoft.Extensions.DependencyInjection.Abstractions": {
        "type": "Transitive",
        "resolved": "8.0.0",
        "contentHash": "cjWrLkJXK0rs4zofsK4bSdg+jhDLTaxrkXu4gS6Y7MAlCvRyNNgwY/lJi5RDlQOnSZweHqoyvgvbdvQsRIW+hg=="
      },
      "Microsoft.Extensions.ObjectPool": {
        "type": "Transitive",
        "resolved": "8.0.0",
        "contentHash": "4pm+XgxSukskwjzDDfSjG4KNUIOdFF2VaqZZDtTzoyQMOVSnlV6ZM8a9aVu5dg9LVZTB//utzSc8fOi0b0Mb2Q=="
      },
      "Microsoft.Extensions.Options": {
        "type": "Transitive",
        "resolved": "8.0.0",
        "contentHash": "JOVOfqpnqlVLUzINQ2fox8evY2SKLYJ3BV8QDe/Jyp21u1T7r45x/R/5QdteURMR5r01GxeJSBBUOCOyaNXA3g==",
        "dependencies": {
          "Microsoft.Extensions.DependencyInjection.Abstractions": "8.0.0",
          "Microsoft.Extensions.Primitives": "8.0.0"
        }
      },
      "Microsoft.Extensions.Primitives": {
        "type": "Transitive",
        "resolved": "8.0.0",
        "contentHash": "bXJEZrW9ny8vjMF1JV253WeLhpEVzFo1lyaZu1vQ4ZxWUlVvknZ/+ftFgVheLubb4eZPSwwxBeqS1JkCOjxd8g=="
      },
      "System.Collections.Immutable": {
        "type": "Transitive",
        "resolved": "8.0.0",
        "contentHash": "AurL6Y5BA1WotzlEvVaIDpqzpIPvYnnldxru8oXJU2yFxFUy3+pNXjXd1ymO+RA0rq0+590Q8gaz2l3Sr7fmqg=="
      },
      "System.CommandLine": {
        "type": "Transitive",
        "resolved": "2.0.0-beta4.22272.1",
        "contentHash": "1uqED/q2H0kKoLJ4+hI2iPSBSEdTuhfCYADeJrAqERmiGQ2NNacYKRNEQ+gFbU4glgVyK8rxI+ZOe1onEtr/Pg=="
      },
      "System.ComponentModel.Annotations": {
        "type": "Transitive",
        "resolved": "5.0.0",
        "contentHash": "dMkqfy2el8A8/I76n2Hi1oBFEbG1SfxD2l5nhwXV3XjlnOmwxJlQbYpJH4W51odnU9sARCSAgv7S3CyAFMkpYg=="
      },
      "System.Diagnostics.DiagnosticSource": {
        "type": "Transitive",
        "resolved": "8.0.0",
        "contentHash": "c9xLpVz6PL9lp/djOWtk5KPDZq3cSYpmXoJQY524EOtuFl5z9ZtsotpsyrDW40U1DRnQSYvcPKEUV0X//u6gkQ=="
      },
      "System.IO.Hashing": {
        "type": "Transitive",
        "resolved": "7.0.0",
        "contentHash": "sDnWM0N3AMCa86LrKTWeF3BZLD2sgWyYUc7HL6z4+xyDZNQRwzmxbo4qP2rX2MqC+Sy1/gOSRDah5ltxY5jPxw=="
      },
      "System.IO.Pipelines": {
        "type": "Transitive",
        "resolved": "8.0.0",
        "contentHash": "FHNOatmUq0sqJOkTx+UF/9YK1f180cnW5FVqnQMvYUN0elp6wFzbtPSiqbo1/ru8ICp43JM1i7kKkk6GsNGHlA=="
      },
      "System.Text.Encodings.Web": {
        "type": "Transitive",
        "resolved": "8.0.0",
        "contentHash": "yev/k9GHAEGx2Rg3/tU6MQh4HGBXJs70y7j1LaM1i/ER9po+6nnQ6RRqTJn1E7Xu0fbIFK80Nh5EoODxrbxwBQ=="
      },
      "System.Text.Json": {
        "type": "Transitive",
        "resolved": "8.0.0",
        "contentHash": "OdrZO2WjkiEG6ajEFRABTRCi/wuXQPxeV6g8xvUJqdxMvvuCCEk86zPla8UiIQJz3durtUEbNyY/3lIhS0yZvQ==",
        "dependencies": {
          "System.Text.Encodings.Web": "8.0.0"
        }
      },
      "System.Threading.Channels": {
        "type": "Transitive",
        "resolved": "8.0.0",
        "contentHash": "CMaFr7v+57RW7uZfZkPExsPB6ljwzhjACWW1gfU35Y56rk72B/Wu+sTqxVmGSk4SFUlPc3cjeKND0zktziyjBA=="
      },
      "System.Threading.Tasks.Extensions": {
        "type": "Transitive",
        "resolved": "4.5.0",
        "contentHash": "csAJe24tWCOTO/rXoJAuBGuOq7ZdHY60XtC6b/hNMHT9tuX+2J9HK7nciLEtNvnrRLMxBACLXO3R4y5+kCduMA=="
      },
      "Yarp.ReverseProxy": {
        "type": "Transitive",
        "resolved": "2.1.0",
        "contentHash": "VgRuCBxmh5ND4VuFhvIN3AAeoxFhYkS2hNINk6AVCrOVTlpk7OwdrTXi8NHACfqfhDL+/oYCZrF9RxN+yiYnEg==",
        "dependencies": {
          "System.IO.Hashing": "7.0.0"
        }
      }
    }
  }
}