{
  "version": 1,
  "dependencies": {
    "net10.0": {
      "Microsoft.DotNet.ILCompiler": {
        "type": "Direct",
        "requested": "[10.0.0, )",
        "resolved": "10.0.0",
        "contentHash": "6NWiBH6DeGxNYpUJre0GYiG11edDpEsIXIcqX8yI19zOar8ROWEGKt8fLvIat+BkieaLWAXL0G8fnn/Xbv3kXA=="
      },
      "Microsoft.NET.ILLink.Tasks": {
        "type": "Direct",
        "requested": "[10.0.0, )",
        "resolved": "10.0.0",
        "contentHash": "k9ZLa+wZVSH+bFV86TpZMN0cdlrjdKogPLgNbGdTAXQG7JyRQZ/EYhmo5xHcUS9+k7iWpCe+6SDLq8x6L7X/pg=="
      }
    }
  }
}